
Microsoft Visual Studio Solution File, Format Version 12.00
# Visual Studio Version 16
VisualStudioVersion = 16.0.31702.278
MinimumVisualStudioVersion = 10.0.40219.1
Project("{FAE04EC0-301F-11D3-BF4B-00C04F79EFBC}") = "chatbot_2", "chatbot_2\chatbot_2.csproj", "{489B0A4C-1EFA-4E82-8064-0F88F7B1B709}"
EndProject
Global
	GlobalSection(SolutionConfigurationPlatforms) = preSolution
		Debug|Any CPU = Debug|Any CPU
		Release|Any CPU = Release|Any CPU
	EndGlobalSection
	GlobalSection(ProjectConfigurationPlatforms) = postSolution
		{489B0A4C-1EFA-4E82-8064-0F88F7B1B709}.Debug|Any CPU.ActiveCfg = Debug|Any CPU
		{489B0A4C-1EFA-4E82-8064-0F88F7B1B709}.Debug|Any CPU.Build.0 = Debug|Any CPU
		{489B0A4C-1EFA-4E82-8064-0F88F7B1B709}.Release|Any CPU.ActiveCfg = Release|Any CPU
		{489B0A4C-1EFA-4E82-8064-0F88F7B1B709}.Release|Any CPU.Build.0 = Release|Any CPU
	EndGlobalSection
	GlobalSection(SolutionProperties) = preSolution
		HideSolutionNode = FALSE
	EndGlobalSection
	GlobalSection(ExtensibilityGlobals) = postSolution
		SolutionGuid = {1644EAD4-2A39-4679-AF87-6671DFB702A7}
	EndGlobalSection
EndGlobal
